
Microsoft Visual Studio Solution File, Format Version 12.00
# Visual Studio Version 16
VisualStudioVersion = 16.0.29102.190
MinimumVisualStudioVersion = 10.0.40219.1
Project("{FAE04EC0-301F-11D3-BF4B-00C04F79EFBC}") = "SaraHackathon", "SaraHackathon\SaraHackathon\SaraHackathon.csproj", "{94561FA7-ED89-454C-9854-D0EACA1D8190}"
EndProject
Project("{FAE04EC0-301F-11D3-BF4B-00C04F79EFBC}") = "SaraHackathon.Tests", "SaraHackathon\SaraHackathon.Tests\SaraHackathon.Tests.csproj", "{3BF69DDC-19B2-4FE8-86FA-697500A202AA}"
EndProject
Global
	GlobalSection(SolutionConfigurationPlatforms) = preSolution
		Debug|Any CPU = Debug|Any CPU
		Release|Any CPU = Release|Any CPU
	EndGlobalSection
	GlobalSection(ProjectConfigurationPlatforms) = postSolution
		{94561FA7-ED89-454C-9854-D0EACA1D8190}.Debug|Any CPU.ActiveCfg = Debug|Any CPU
		{94561FA7-ED89-454C-9854-D0EACA1D8190}.Debug|Any CPU.Build.0 = Debug|Any CPU
		{94561FA7-ED89-454C-9854-D0EACA1D8190}.Release|Any CPU.ActiveCfg = Release|Any CPU
		{94561FA7-ED89-454C-9854-D0EACA1D8190}.Release|Any CPU.Build.0 = Release|Any CPU
		{3BF69DDC-19B2-4FE8-86FA-697500A202AA}.Debug|Any CPU.ActiveCfg = Debug|Any CPU
		{3BF69DDC-19B2-4FE8-86FA-697500A202AA}.Debug|Any CPU.Build.0 = Debug|Any CPU
		{3BF69DDC-19B2-4FE8-86FA-697500A202AA}.Release|Any CPU.ActiveCfg = Release|Any CPU
		{3BF69DDC-19B2-4FE8-86FA-697500A202AA}.Release|Any CPU.Build.0 = Release|Any CPU
	EndGlobalSection
	GlobalSection(SolutionProperties) = preSolution
		HideSolutionNode = FALSE
	EndGlobalSection
	GlobalSection(ExtensibilityGlobals) = postSolution
		SolutionGuid = {FBECA47D-BE96-4C99-9ECE-88D078F1C4B2}
	EndGlobalSection
EndGlobal
